{
  "name": "DynamsoftBarcodeReader",
  "lockfileVersion": 3,
  "requires": true,
  "packages": {
    "": {
      "dependencies": {
        "dynamsoft-barcode-reader-bundle": "10.4.2002"
      }
    },
    "node_modules/dynamsoft-barcode-reader": {
      "version": "10.4.20",
      "resolved": "https://registry.npmjs.org/dynamsoft-barcode-reader/-/dynamsoft-barcode-reader-10.4.20.tgz",
      "integrity": "sha512-hd2LZvJV+3m2rKBxadnobWOEk3FXVvmeqvS7eLdWaPj4JtjNKBMzqBTAe2pxJf5nhJVfWwn20pA7rcoIytMD7g==",
      "license": "SEE LICENSE IN LICENSE",
      "dependencies": {
        "dynamsoft-core": "^3.4.20"
      }
    },
    "node_modules/dynamsoft-barcode-reader-bundle": {
      "version": "10.4.2002",
      "resolved": "https://registry.npmjs.org/dynamsoft-barcode-reader-bundle/-/dynamsoft-barcode-reader-bundle-10.4.2002.tgz",
      "integrity": "sha512-/uWm3OIYkPLH4ZBlug53oqrGAj+EEzaRZfCaX6dYmrB0YQs0qZFnrCzpNu1/g6QPKDsaQK9x8vkyxfR03tDlYQ==",
      "license": "SEE LICENSE IN LICENSE",
      "dependencies": {
        "dynamsoft-barcode-reader": "10.4.20",
        "dynamsoft-camera-enhancer": "4.1.0",
        "dynamsoft-capture-vision-router": "2.4.22",
        "dynamsoft-core": "3.4.21",
        "dynamsoft-license": "3.4.21",
        "dynamsoft-utility": "1.4.21"
      }
    },
    "node_modules/dynamsoft-camera-enhancer": {
      "version": "4.1.0",
      "resolved": "https://registry.npmjs.org/dynamsoft-camera-enhancer/-/dynamsoft-camera-enhancer-4.1.0.tgz",
      "integrity": "sha512-eAGnMAZ83lcRIDMffDxEdZUFc7sQggm5IWQNkW24DYfAAaYRSLShdPeQPsoS3+FV+3F00BO0L40iIYG5RGLTwA==",
      "license": "SEE LICENSE IN LICENSE",
      "dependencies": {
        "dynamsoft-core": "^3.4.20"
      }
    },
    "node_modules/dynamsoft-capture-vision-router": {
      "version": "2.4.22",
      "resolved": "https://registry.npmjs.org/dynamsoft-capture-vision-router/-/dynamsoft-capture-vision-router-2.4.22.tgz",
      "integrity": "sha512-nz4mFp7FmPTKu2+4IVQLGQTx0cTeOYg8RF4O4EysMeZBvQuavNcyWMgoCGNMW7Pn7KPBnQnTq248HokUJp1S/A==",
      "license": "SEE LICENSE IN LICENSE",
      "dependencies": {
        "dynamsoft-core": "^3.4.21"
      }
    },
    "node_modules/dynamsoft-core": {
      "version": "3.4.21",
      "resolved": "https://registry.npmjs.org/dynamsoft-core/-/dynamsoft-core-3.4.21.tgz",
      "integrity": "sha512-8ccgOdUbzPK7DYRafOnh6tQ1MEyn58OR7tMgqNPHQgJy4DTu3d0bR8xYxe1+BYNFgZJUmQqxnojn/UircBATiQ==",
      "license": "SEE LICENSE IN LICENSE"
    },
    "node_modules/dynamsoft-license": {
      "version": "3.4.21",
      "resolved": "https://registry.npmjs.org/dynamsoft-license/-/dynamsoft-license-3.4.21.tgz",
      "integrity": "sha512-PqcdlG8eUDy3LzdX8t1uIzcsxs5d4Fmy+F8EMbwqVN7a7x06EKcxbxwtJb2hY+zCYDlLyrE2LLVl70EZzAxMDA==",
      "license": "SEE LICENSE IN LICENSE",
      "dependencies": {
        "dynamsoft-core": "^3.4.20"
      }
    },
    "node_modules/dynamsoft-utility": {
      "version": "1.4.21",
      "resolved": "https://registry.npmjs.org/dynamsoft-utility/-/dynamsoft-utility-1.4.21.tgz",
      "integrity": "sha512-PQSCMaXFFRWvyWbZjbQyV1fjQWlAiZNWbpVnewTtp4xfAs+cH87dASowysIrg/LU6SLnMKtyURBZ2f7TnTON1A==",
      "license": "SEE LICENSE IN LICENSE",
      "dependencies": {
        "dynamsoft-core": "^3.4.20"
      }
    }
  }
}
